{
  "lockfile_version": "1",
  "packages": {
    "git@latest": {
      "last_modified": "2025-02-23T09:42:26Z",
      "resolved": "github:NixOS/nixpkgs/2d068ae5c6516b2d04562de50a58c682540de9bf#git",
      "source": "devbox-search",
      "version": "2.48.1",
      "systems": {
        "aarch64-darwin": {
          "outputs": [
            {
              "name": "out",
              "path": "/nix/store/48bd3kx9xl36ixnzax9chik2y2l7lx9m-git-2.48.1",
              "default": true
            },
            {
              "name": "doc",
              "path": "/nix/store/7clrn7z9dxxl1n9hy2vy5nrk58mrb258-git-2.48.1-doc"
            }
          ],
          "store_path": "/nix/store/48bd3kx9xl36ixnzax9chik2y2l7lx9m-git-2.48.1"
        },
        "aarch64-linux": {
          "outputs": [
            {
              "name": "out",
              "path": "/nix/store/4rfdh67qx08marb8kwl8pk98pkwl8kiv-git-2.48.1",
              "default": true
            },
            {
              "name": "debug",
              "path": "/nix/store/yf283fv2zlaaaszdcfazbz1rg6d6f18q-git-2.48.1-debug"
            },
            {
              "name": "doc",
              "path": "/nix/store/c9hzqmbywb0basggdaylpc0j3r8j0dxs-git-2.48.1-doc"
            }
          ],
          "store_path": "/nix/store/4rfdh67qx08marb8kwl8pk98pkwl8kiv-git-2.48.1"
        },
        "x86_64-darwin": {
          "outputs": [
            {
              "name": "out",
              "path": "/nix/store/siawz69ch5kb1k1vaak8gbm6w5zmkbz6-git-2.48.1",
              "default": true
            },
            {
              "name": "doc",
              "path": "/nix/store/50346pq535sxngx9r0q1rf1bh0v01pyv-git-2.48.1-doc"
            }
          ],
          "store_path": "/nix/store/siawz69ch5kb1k1vaak8gbm6w5zmkbz6-git-2.48.1"
        },
        "x86_64-linux": {
          "outputs": [
            {
              "name": "out",
              "path": "/nix/store/nj1na0qwqhpd128vr71p70hz9jyhnz5x-git-2.48.1",
              "default": true
            },
            {
              "name": "doc",
              "path": "/nix/store/2g2q2z1rkc9lgy1ib2a5cgl9mrzhqbla-git-2.48.1-doc"
            },
            {
              "name": "debug",
              "path": "/nix/store/7gz9ywl4jw0clbbghaii5xgdivxsdgk3-git-2.48.1-debug"
            }
          ],
          "store_path": "/nix/store/nj1na0qwqhpd128vr71p70hz9jyhnz5x-git-2.48.1"
        }
      }
    },
    "github:NixOS/nixpkgs/nixpkgs-unstable": {
      "resolved": "github:NixOS/nixpkgs/ed0b1881565c1ffef490c10d663d4f542031dad3?lastModified=1741402956&narHash=sha256-y2hByvBM03s9T2fpeLjW6iprbxnhV9mJMmSwCHc41ZQ%3D"
    },
    "go@latest": {
      "last_modified": "2025-12-31T03:27:36Z",
      "resolved": "github:NixOS/nixpkgs/f665af0cdb70ed27e1bd8f9fdfecaf451260fc55#go",
      "source": "devbox-search",
      "version": "1.25.5",
      "systems": {
        "aarch64-darwin": {
          "outputs": [
            {
              "name": "out",
              "path": "/nix/store/fy2aq0rg6vbiyjfdpqy3429hqsan7iwm-go-1.25.5",
              "default": true
            }
          ],
          "store_path": "/nix/store/fy2aq0rg6vbiyjfdpqy3429hqsan7iwm-go-1.25.5"
        },
        "aarch64-linux": {
          "outputs": [
            {
              "name": "out",
              "path": "/nix/store/30d96229dgrh6n6bmd4hn9r1hcngj9bn-go-1.25.5",
              "default": true
            }
          ],
          "store_path": "/nix/store/30d96229dgrh6n6bmd4hn9r1hcngj9bn-go-1.25.5"
        },
        "x86_64-darwin": {
          "outputs": [
            {
              "name": "out",
              "path": "/nix/store/wzakp2xy6if4n2b4fb1fkdjwilwlpifk-go-1.25.5",
              "default": true
            }
          ],
          "store_path": "/nix/store/wzakp2xy6if4n2b4fb1fkdjwilwlpifk-go-1.25.5"
        },
        "x86_64-linux": {
          "outputs": [
            {
              "name": "out",
              "path": "/nix/store/60z37432vmgkg54krwr1z057bqwp7583-go-1.25.5",
              "default": true
            }
          ],
          "store_path": "/nix/store/60z37432vmgkg54krwr1z057bqwp7583-go-1.25.5"
        }
      }
    },
    "golangci-lint@latest": {
      "last_modified": "2025-02-16T21:44:05Z",
      "resolved": "github:NixOS/nixpkgs/f0204ef4baa3b6317dee1c84ddeffbd293638836#golangci-lint",
      "source": "devbox-search",
      "version": "1.64.5",
      "systems": {
        "aarch64-darwin": {
          "outputs": [
            {
              "name": "out",
              "path": "/nix/store/jh2f466rbi0pgk6f3w8jdzy4qyccybz3-golangci-lint-1.64.5",
              "default": true
            }
          ],
          "store_path": "/nix/store/jh2f466rbi0pgk6f3w8jdzy4qyccybz3-golangci-lint-1.64.5"
        },
        "aarch64-linux": {
          "outputs": [
            {
              "name": "out",
              "path": "/nix/store/63mvzwlqana7bfcy8jzmn3fvkn46k0p6-golangci-lint-1.64.5",
              "default": true
            }
          ],
          "store_path": "/nix/store/63mvzwlqana7bfcy8jzmn3fvkn46k0p6-golangci-lint-1.64.5"
        },
        "x86_64-darwin": {
          "outputs": [
            {
              "name": "out",
              "path": "/nix/store/d662i9k8p2alplmxc3bqypc646x7wy1b-golangci-lint-1.64.5",
              "default": true
            }
          ],
          "store_path": "/nix/store/d662i9k8p2alplmxc3bqypc646x7wy1b-golangci-lint-1.64.5"
        },
        "x86_64-linux": {
          "outputs": [
            {
              "name": "out",
              "path": "/nix/store/25732rsdh49iwjrik69sb9cfhiza00b5-golangci-lint-1.64.5",
              "default": true
            }
          ],
          "store_path": "/nix/store/25732rsdh49iwjrik69sb9cfhiza00b5-golangci-lint-1.64.5"
        }
      }
    },
    "just@latest": {
      "last_modified": "2025-12-31T03:27:36Z",
      "resolved": "github:NixOS/nixpkgs/f665af0cdb70ed27e1bd8f9fdfecaf451260fc55#just",
      "source": "devbox-search",
      "version": "1.45.0",
      "systems": {
        "aarch64-darwin": {
          "outputs": [
            {
              "name": "out",
              "path": "/nix/store/5hz4fd007knaygiq8fp70a97khnxlg90-just-1.45.0",
              "default": true
            },
            {
              "name": "man",
              "path": "/nix/store/hjn8apyjb74cjbck545xj9dr27d8km8y-just-1.45.0-man",
              "default": true
            },
            {
              "name": "doc",
              "path": "/nix/store/ljqfvli8iaqha81liqynn482ms9i5dkp-just-1.45.0-doc"
            }
          ],
          "store_path": "/nix/store/5hz4fd007knaygiq8fp70a97khnxlg90-just-1.45.0"
        },
        "aarch64-linux": {
          "outputs": [
            {
              "name": "out",
              "path": "/nix/store/ln40chcgpqp70zdrp6ajwa7pijqvm9wb-just-1.45.0",
              "default": true
            },
            {
              "name": "man",
              "path": "/nix/store/yqgw93rq91429xlspw18lq91bkbchih6-just-1.45.0-man",
              "default": true
            },
            {
              "name": "doc",
              "path": "/nix/store/q8w1nysibflbafgilcnlh3z4bynjbnlw-just-1.45.0-doc"
            }
          ],
          "store_path": "/nix/store/ln40chcgpqp70zdrp6ajwa7pijqvm9wb-just-1.45.0"
        },
        "x86_64-darwin": {
          "outputs": [
            {
              "name": "out",
              "path": "/nix/store/8zsigmqp7y3nky0s26sc4rb6hqma6573-just-1.45.0",
              "default": true
            },
            {
              "name": "man",
              "path": "/nix/store/avp619v9vhifglhff4xv8x1q644kvdsr-just-1.45.0-man",
              "default": true
            },
            {
              "name": "doc",
              "path": "/nix/store/0n2kffdl71z3g37g4ga777sc2j8cdg7k-just-1.45.0-doc"
            }
          ],
          "store_path": "/nix/store/8zsigmqp7y3nky0s26sc4rb6hqma6573-just-1.45.0"
        },
        "x86_64-linux": {
          "outputs": [
            {
              "name": "out",
              "path": "/nix/store/gbyx7svp6kdn6hmsnz9id189d47ndax7-just-1.45.0",
              "default": true
            },
            {
              "name": "man",
              "path": "/nix/store/l0avb6zn5lq24shdz0r0ww2h3pdq55z6-just-1.45.0-man",
              "default": true
            },
            {
              "name": "doc",
              "path": "/nix/store/mfqv7g7ipkq7zzpml4q8ff48nb32wx1s-just-1.45.0-doc"
            }
          ],
          "store_path": "/nix/store/gbyx7svp6kdn6hmsnz9id189d47ndax7-just-1.45.0"
        }
      }
    },
    "prek@latest": {
      "last_modified": "2026-01-02T14:39:32Z",
      "resolved": "github:NixOS/nixpkgs/16c7794d0a28b5a37904d55bcca36003b9109aaa#prek",
      "source": "devbox-search",
      "version": "0.2.20",
      "systems": {
        "aarch64-darwin": {
          "outputs": [
            {
              "name": "out",
              "path": "/nix/store/15fdgmgd42rv3hp84kmixfq861imd0qz-prek-0.2.20",
              "default": true
            }
          ],
          "store_path": "/nix/store/15fdgmgd42rv3hp84kmixfq861imd0qz-prek-0.2.20"
        },
        "aarch64-linux": {
          "outputs": [
            {
              "name": "out",
              "path": "/nix/store/g47pxw0y3s2hqcg5mdhyzhkv47d8a2c5-prek-0.2.20",
              "default": true
            }
          ],
          "store_path": "/nix/store/g47pxw0y3s2hqcg5mdhyzhkv47d8a2c5-prek-0.2.20"
        },
        "x86_64-darwin": {
          "outputs": [
            {
              "name": "out",
              "path": "/nix/store/dbjhvi8706nhan32yhkkn622qfmzl6x8-prek-0.2.20",
              "default": true
            }
          ],
          "store_path": "/nix/store/dbjhvi8706nhan32yhkkn622qfmzl6x8-prek-0.2.20"
        },
        "x86_64-linux": {
          "outputs": [
            {
              "name": "out",
              "path": "/nix/store/51xbrv3jqv1mrsglqfk53p8hppl96f5l-prek-0.2.20",
              "default": true
            }
          ],
          "store_path": "/nix/store/51xbrv3jqv1mrsglqfk53p8hppl96f5l-prek-0.2.20"
        }
      }
    }
  }
}
